
Microsoft Visual Studio Solution File, Format Version 12.00
# Visual Studio Version 17
VisualStudioVersion = 17.3.32922.545
MinimumVisualStudioVersion = 10.0.40219.1
Project("{9A19103F-16F7-4668-BE54-9A1E7A4F7556}") = "SalesSystem", "SalesSystem\SalesSystem.csproj", "{077FFF7D-D5CB-41F6-A5D5-F6F2956C66EA}"
EndProject
Global
	GlobalSection(SolutionConfigurationPlatforms) = preSolution
		Debug|Any CPU = Debug|Any CPU
		Release|Any CPU = Release|Any CPU
	EndGlobalSection
	GlobalSection(ProjectConfigurationPlatforms) = postSolution
		{077FFF7D-D5CB-41F6-A5D5-F6F2956C66EA}.Debug|Any CPU.ActiveCfg = Debug|Any CPU
		{077FFF7D-D5CB-41F6-A5D5-F6F2956C66EA}.Debug|Any CPU.Build.0 = Debug|Any CPU
		{077FFF7D-D5CB-41F6-A5D5-F6F2956C66EA}.Release|Any CPU.ActiveCfg = Release|Any CPU
		{077FFF7D-D5CB-41F6-A5D5-F6F2956C66EA}.Release|Any CPU.Build.0 = Release|Any CPU
	EndGlobalSection
	GlobalSection(SolutionProperties) = preSolution
		HideSolutionNode = FALSE
	EndGlobalSection
	GlobalSection(ExtensibilityGlobals) = postSolution
		SolutionGuid = {85D86854-193C-4507-86C4-8A3CC0616ECE}
	EndGlobalSection
EndGlobal
